{
  "version": 4,
  "terraform_version": "1.13.1",
  "serial": 8,
  "lineage": "faa36370-b853-9be1-610f-4f3a655fd0de",
  "outputs": {
    "backend_health_check": {
      "value": "http://localhost:5002/health",
      "type": "string"
    },
    "backend_url": {
      "value": "http://localhost:5002",
      "type": "string"
    },
    "container_names": {
      "value": {
        "backend": "staging-backend",
        "frontend": "staging-frontend"
      },
      "type": [
        "object",
        {
          "backend": "string",
          "frontend": "string"
        }
      ]
    },
    "deployment_info": {
      "value": {
        "app_version": "v1.0.0-staging",
        "environment": "staging",
        "project": "devops-bookstore",
        "timestamp": "2025-09-03T14:35:00Z"
      },
      "type": [
        "object",
        {
          "app_version": "string",
          "environment": "string",
          "project": "string",
          "timestamp": "string"
        }
      ]
    },
    "frontend_url": {
      "value": "http://localhost:3001",
      "type": "string"
    },
    "network_name": {
      "value": "devops-bookstore-staging-network",
      "type": "string"
    }
  },
  "resources": [
    {
      "mode": "managed",
      "type": "docker_container",
      "name": "backend",
      "provider": "provider[\"registry.terraform.io/kreuzwerker/docker\"]",
      "instances": [
        {
          "schema_version": 2,
          "attributes": {
            "attach": false,
            "bridge": "",
            "capabilities": [],
            "cgroup_parent": null,
            "cgroupns_mode": null,
            "command": [
              "node",
              "server.js"
            ],
            "container_logs": null,
            "container_read_refresh_timeout_milliseconds": 15000,
            "cpu_period": null,
            "cpu_quota": null,
            "cpu_set": "",
            "cpu_shares": 0,
            "cpus": null,
            "destroy_grace_seconds": null,
            "devices": [],
            "dns": null,
            "dns_opts": null,
            "dns_search": null,
            "domainname": "",
            "entrypoint": [
              "docker-entrypoint.sh"
            ],
            "env": [
              "JWT_SECRET=7bb33756fd0bc148525a13a4c6ed34883720a6cb13eafd541b38b73476e3c13e",
              "MONGO_URI=mongodb+srv://adarsh14151721_db_user:qrV8camo0aCDejyL@cluster0.odaa3tk.mongodb.net/?retryWrites=true\u0026w=majority\u0026appName=Cluster0",
              "NODE_ENV=staging",
              "PORT=5000"
            ],
            "exit_code": null,
            "gpus": null,
            "group_add": null,
            "healthcheck": [
              {
                "interval": "30s",
                "retries": 3,
                "start_interval": "0s",
                "start_period": "30s",
                "test": [
                  "CMD",
                  "curl",
                  "-f",
                  "http://localhost:5000/health"
                ],
                "timeout": "10s"
              }
            ],
            "host": [],
            "hostname": "a50a8758acdc",
            "id": "a50a8758acdca0245203012ebf8957458d14b3ae9c065e87d80e70645c799ba0",
            "image": "bookstore-backend:v1.0.0-staging",
            "init": false,
            "ipc_mode": "private",
            "labels": [
              {
                "label": "environment",
                "value": "staging"
              },
              {
                "label": "project",
                "value": "devops-bookstore"
              },
              {
                "label": "service",
                "value": "backend"
              }
            ],
            "log_driver": "json-file",
            "log_opts": null,
            "logs": false,
            "max_retry_count": 0,
            "memory": 0,
            "memory_swap": 0,
            "mounts": [],
            "must_run": true,
            "name": "staging-backend",
            "network_data": [
              {
                "gateway": "172.20.0.1",
                "global_ipv6_address": "",
                "global_ipv6_prefix_length": 0,
                "ip_address": "172.20.0.2",
                "ip_prefix_length": 16,
                "ipv6_gateway": "",
                "mac_address": "a2:64:35:2e:de:32",
                "network_name": "devops-bookstore-staging-network"
              }
            ],
            "network_mode": "bridge",
            "networks_advanced": [
              {
                "aliases": [
                  "backend"
                ],
                "ipv4_address": "",
                "ipv6_address": "",
                "name": "devops-bookstore-staging-network"
              }
            ],
            "pid_mode": "",
            "ports": [
              {
                "external": 5002,
                "internal": 5000,
                "ip": "0.0.0.0",
                "protocol": "tcp"
              }
            ],
            "privileged": false,
            "publish_all_ports": false,
            "read_only": false,
            "remove_volumes": true,
            "restart": "unless-stopped",
            "rm": false,
            "runtime": "runc",
            "security_opts": [],
            "shm_size": 64,
            "start": true,
            "stdin_open": false,
            "stop_signal": "",
            "stop_timeout": 0,
            "storage_opts": null,
            "sysctls": null,
            "tmpfs": null,
            "tty": false,
            "ulimit": [],
            "upload": [],
            "user": "",
            "userns_mode": "",
            "volumes": [],
            "wait": false,
            "wait_timeout": 60,
            "working_dir": "/app"
          },
          "sensitive_attributes": [
            [
              {
                "type": "get_attr",
                "value": "env"
              }
            ]
          ],
          "identity_schema_version": 0,
          "private": "eyJzY2hlbWFfdmVyc2lvbiI6IjIifQ==",
          "dependencies": [
            "docker_image.backend",
            "docker_network.bookstore_network"
          ]
        }
      ]
    },
    {
      "mode": "managed",
      "type": "docker_container",
      "name": "frontend",
      "provider": "provider[\"registry.terraform.io/kreuzwerker/docker\"]",
      "instances": [
        {
          "schema_version": 2,
          "attributes": {
            "attach": false,
            "bridge": "",
            "capabilities": [],
            "cgroup_parent": null,
            "cgroupns_mode": null,
            "command": [
              "nginx",
              "-g",
              "daemon off;"
            ],
            "container_logs": null,
            "container_read_refresh_timeout_milliseconds": 15000,
            "cpu_period": null,
            "cpu_quota": null,
            "cpu_set": "",
            "cpu_shares": 0,
            "cpus": null,
            "destroy_grace_seconds": null,
            "devices": [],
            "dns": null,
            "dns_opts": null,
            "dns_search": null,
            "domainname": "",
            "entrypoint": [
              "/docker-entrypoint.sh"
            ],
            "env": [],
            "exit_code": null,
            "gpus": null,
            "group_add": null,
            "healthcheck": null,
            "host": [],
            "hostname": "9e3bca568808",
            "id": "9e3bca5688087506eec1ba8132d4863509f98d0f90f0da9140c9eb8f050109ac",
            "image": "bookstore-frontend:v1.0.0-staging",
            "init": false,
            "ipc_mode": "private",
            "labels": [
              {
                "label": "environment",
                "value": "staging"
              },
              {
                "label": "project",
                "value": "devops-bookstore"
              },
              {
                "label": "service",
                "value": "frontend"
              }
            ],
            "log_driver": "json-file",
            "log_opts": null,
            "logs": false,
            "max_retry_count": 0,
            "memory": 0,
            "memory_swap": 0,
            "mounts": [],
            "must_run": true,
            "name": "staging-frontend",
            "network_data": [
              {
                "gateway": "172.20.0.1",
                "global_ipv6_address": "",
                "global_ipv6_prefix_length": 0,
                "ip_address": "172.20.0.3",
                "ip_prefix_length": 16,
                "ipv6_gateway": "",
                "mac_address": "d6:5e:88:4b:65:56",
                "network_name": "devops-bookstore-staging-network"
              }
            ],
            "network_mode": "bridge",
            "networks_advanced": [
              {
                "aliases": [
                  "frontend"
                ],
                "ipv4_address": "",
                "ipv6_address": "",
                "name": "devops-bookstore-staging-network"
              }
            ],
            "pid_mode": "",
            "ports": [
              {
                "external": 3001,
                "internal": 80,
                "ip": "0.0.0.0",
                "protocol": "tcp"
              }
            ],
            "privileged": false,
            "publish_all_ports": false,
            "read_only": false,
            "remove_volumes": true,
            "restart": "unless-stopped",
            "rm": false,
            "runtime": "runc",
            "security_opts": [],
            "shm_size": 64,
            "start": true,
            "stdin_open": false,
            "stop_signal": "SIGQUIT",
            "stop_timeout": 0,
            "storage_opts": null,
            "sysctls": null,
            "tmpfs": null,
            "tty": false,
            "ulimit": [],
            "upload": [],
            "user": "",
            "userns_mode": "",
            "volumes": [],
            "wait": false,
            "wait_timeout": 60,
            "working_dir": "/"
          },
          "sensitive_attributes": [],
          "identity_schema_version": 0,
          "private": "eyJzY2hlbWFfdmVyc2lvbiI6IjIifQ==",
          "dependencies": [
            "docker_container.backend",
            "docker_image.backend",
            "docker_image.frontend",
            "docker_network.bookstore_network"
          ]
        }
      ]
    },
    {
      "mode": "managed",
      "type": "docker_image",
      "name": "backend",
      "provider": "provider[\"registry.terraform.io/kreuzwerker/docker\"]",
      "instances": [
        {
          "schema_version": 0,
          "attributes": {
            "build": [
              {
                "auth_config": [],
                "build_args": {},
                "build_id": "",
                "build_log_file": "",
                "builder": "",
                "cache_from": [],
                "cgroup_parent": "",
                "context": "./../backend",
                "cpu_period": 0,
                "cpu_quota": 0,
                "cpu_set_cpus": "",
                "cpu_set_mems": "",
                "cpu_shares": 0,
                "dockerfile": "Dockerfile",
                "extra_hosts": [],
                "force_remove": false,
                "isolation": "",
                "label": {},
                "labels": {},
                "memory": 0,
                "memory_swap": 0,
                "network_mode": "",
                "no_cache": false,
                "platform": "",
                "pull_parent": false,
                "remote_context": "",
                "remove": true,
                "secrets": [],
                "security_opt": [],
                "session_id": "",
                "shm_size": 0,
                "squash": false,
                "suppress_output": false,
                "tag": [
                  "bookstore-backend:v1.0.0-staging"
                ],
                "target": "",
                "ulimit": [],
                "version": ""
              }
            ],
            "force_remove": null,
            "id": "sha256:9d6627d0070e0a1ad30bb9eb2fe63b678e2c84a4fcb48b6e443cd045f0712203bookstore-backend:v1.0.0-staging",
            "image_id": "sha256:9d6627d0070e0a1ad30bb9eb2fe63b678e2c84a4fcb48b6e443cd045f0712203",
            "keep_locally": null,
            "name": "bookstore-backend:v1.0.0-staging",
            "platform": null,
            "pull_triggers": null,
            "repo_digest": "bookstore-backend@sha256:9d6627d0070e0a1ad30bb9eb2fe63b678e2c84a4fcb48b6e443cd045f0712203",
            "timeouts": null,
            "triggers": {
              "dir_sha1": "e6d40368cecc8acc41fca6bc4a510041f165b32e"
            }
          },
          "sensitive_attributes": [],
          "identity_schema_version": 0,
          "private": "eyJlMmJmYjczMC1lY2FhLTExZTYtOGY4OC0zNDM2M2JjN2M0YzAiOnsiY3JlYXRlIjoxMjAwMDAwMDAwMDAwLCJkZWxldGUiOjEyMDAwMDAwMDAwMDAsInVwZGF0ZSI6MTIwMDAwMDAwMDAwMH19"
        }
      ]
    },
    {
      "mode": "managed",
      "type": "docker_image",
      "name": "frontend",
      "provider": "provider[\"registry.terraform.io/kreuzwerker/docker\"]",
      "instances": [
        {
          "schema_version": 0,
          "attributes": {
            "build": [
              {
                "auth_config": [],
                "build_args": {},
                "build_id": "",
                "build_log_file": "",
                "builder": "",
                "cache_from": [],
                "cgroup_parent": "",
                "context": "./..",
                "cpu_period": 0,
                "cpu_quota": 0,
                "cpu_set_cpus": "",
                "cpu_set_mems": "",
                "cpu_shares": 0,
                "dockerfile": "Dockerfile",
                "extra_hosts": [],
                "force_remove": false,
                "isolation": "",
                "label": {},
                "labels": {},
                "memory": 0,
                "memory_swap": 0,
                "network_mode": "",
                "no_cache": false,
                "platform": "",
                "pull_parent": false,
                "remote_context": "",
                "remove": true,
                "secrets": [],
                "security_opt": [],
                "session_id": "",
                "shm_size": 0,
                "squash": false,
                "suppress_output": false,
                "tag": [
                  "bookstore-frontend:v1.0.0-staging"
                ],
                "target": "",
                "ulimit": [],
                "version": ""
              }
            ],
            "force_remove": null,
            "id": "sha256:e29d8bbf4352f5838198be7f07dd79f34094c698cf0a888d0da34ee999b35a39bookstore-frontend:v1.0.0-staging",
            "image_id": "sha256:e29d8bbf4352f5838198be7f07dd79f34094c698cf0a888d0da34ee999b35a39",
            "keep_locally": null,
            "name": "bookstore-frontend:v1.0.0-staging",
            "platform": null,
            "pull_triggers": null,
            "repo_digest": "bookstore-frontend@sha256:e29d8bbf4352f5838198be7f07dd79f34094c698cf0a888d0da34ee999b35a39",
            "timeouts": null,
            "triggers": {
              "dir_sha1": "f2501faa8fa8ca60ba1b66992ad663cb0704bdac"
            }
          },
          "sensitive_attributes": [],
          "identity_schema_version": 0,
          "private": "eyJlMmJmYjczMC1lY2FhLTExZTYtOGY4OC0zNDM2M2JjN2M0YzAiOnsiY3JlYXRlIjoxMjAwMDAwMDAwMDAwLCJkZWxldGUiOjEyMDAwMDAwMDAwMDAsInVwZGF0ZSI6MTIwMDAwMDAwMDAwMH19"
        }
      ]
    },
    {
      "mode": "managed",
      "type": "docker_network",
      "name": "bookstore_network",
      "provider": "provider[\"registry.terraform.io/kreuzwerker/docker\"]",
      "instances": [
        {
          "schema_version": 1,
          "attributes": {
            "attachable": false,
            "check_duplicate": null,
            "driver": "bridge",
            "id": "29c90f29bffc7909414eb62f9244bb96601164da5dc93e00bbf7bce2c8bd25a9",
            "ingress": false,
            "internal": false,
            "ipam_config": [
              {
                "aux_address": {},
                "gateway": "172.20.0.1",
                "ip_range": "",
                "subnet": "172.20.0.0/16"
              }
            ],
            "ipam_driver": "default",
            "ipam_options": null,
            "ipv6": false,
            "labels": [],
            "name": "devops-bookstore-staging-network",
            "options": {
              "com.docker.network.enable_ipv4": "true",
              "com.docker.network.enable_ipv6": "false"
            },
            "scope": "local"
          },
          "sensitive_attributes": [],
          "identity_schema_version": 0,
          "private": "eyJzY2hlbWFfdmVyc2lvbiI6IjEifQ=="
        }
      ]
    }
  ],
  "check_results": [
    {
      "object_kind": "var",
      "config_addr": "var.environment",
      "status": "pass",
      "objects": [
        {
          "object_addr": "var.environment",
          "status": "pass"
        }
      ]
    }
  ]
}
